
Microsoft Visual Studio Solution File, Format Version 12.00
# Blend for Visual Studio Version 17
VisualStudioVersion = 17.0.32014.148
MinimumVisualStudioVersion = 10.0.40219.1
Project("{9A19103F-16F7-4668-BE54-9A1E7A4F7556}") = "MP4Player", "MP4Player\MP4Player.csproj", "{32971B3B-0C17-4938-A61A-6541222A2F49}"
EndProject
Project("{2150E333-8FDC-42A3-9474-1A3956D46DE8}") = "Solution Items", "Solution Items", "{F23D4254-1444-4DEB-992D-3E36B3D2613B}"
	ProjectSection(SolutionItems) = preProject
		..\..\AudioFun\MP3Player\MusicDetails.cs = ..\..\AudioFun\MP3Player\MusicDetails.cs
		..\..\AudioFun\MP3Player\Settings.cs = ..\..\AudioFun\MP3Player\Settings.cs
	EndProjectSection
EndProject
Global
	GlobalSection(SolutionConfigurationPlatforms) = preSolution
		Debug|Any CPU = Debug|Any CPU
		Release|Any CPU = Release|Any CPU
	EndGlobalSection
	GlobalSection(ProjectConfigurationPlatforms) = postSolution
		{32971B3B-0C17-4938-A61A-6541222A2F49}.Debug|Any CPU.ActiveCfg = Debug|Any CPU
		{32971B3B-0C17-4938-A61A-6541222A2F49}.Debug|Any CPU.Build.0 = Debug|Any CPU
		{32971B3B-0C17-4938-A61A-6541222A2F49}.Release|Any CPU.ActiveCfg = Release|Any CPU
		{32971B3B-0C17-4938-A61A-6541222A2F49}.Release|Any CPU.Build.0 = Release|Any CPU
	EndGlobalSection
	GlobalSection(SolutionProperties) = preSolution
		HideSolutionNode = FALSE
	EndGlobalSection
	GlobalSection(ExtensibilityGlobals) = postSolution
		SolutionGuid = {25BC0629-B619-428C-8037-147BD5C1B414}
	EndGlobalSection
EndGlobal
